// !$*UTF8*$!
{
	archiveVersion = 1;
	classes = {
	};
	objectVersion = 46;
	objects = {

/* Begin PBXBuildFile section */
		BE4336891B6082580053BCCD /* UIAlertView+Blocks.m in Sources */ = {isa = PBXBuildFile; fileRef = BE4336881B6082580053BCCD /* UIAlertView+Blocks.m */; };
		BE5901BF1B5B4CA2008206CC /* main.m in Sources */ = {isa = PBXBuildFile; fileRef = BE5901BE1B5B4CA2008206CC /* main.m */; };
		BE5901C21B5B4CA2008206CC /* AppDelegate.m in Sources */ = {isa = PBXBuildFile; fileRef = BE5901C11B5B4CA2008206CC /* AppDelegate.m */; };
		BE5901C51B5B4CA2008206CC /* MasterViewController.m in Sources */ = {isa = PBXBuildFile; fileRef = BE5901C41B5B4CA2008206CC /* MasterViewController.m */; };
		BE5901C81B5B4CA2008206CC /* Main.storyboard in Resources */ = {isa = PBXBuildFile; fileRef = BE5901C61B5B4CA2008206CC /* Main.storyboard */; };
		BE5901CA1B5B4CA2008206CC /* Images.xcassets in Resources */ = {isa = PBXBuildFile; fileRef = BE5901C91B5B4CA2008206CC /* Images.xcassets */; };
		BE5901CD1B5B4CA2008206CC /* LaunchScreen.xib in Resources */ = {isa = PBXBuildFile; fileRef = BE5901CB1B5B4CA2008206CC /* LaunchScreen.xib */; };
		BE5901D91B5B4CA2008206CC /* LibrarianTests.m in Sources */ = {isa = PBXBuildFile; fileRef = BE5901D81B5B4CA2008206CC /* LibrarianTests.m */; };
		BE5901E41B5B4EC9008206CC /* BookTableViewCell.m in Sources */ = {isa = PBXBuildFile; fileRef = BE5901E31B5B4EC9008206CC /* BookTableViewCell.m */; };
		BE5901EA1B5B4FE6008206CC /* Constants.m in Sources */ = {isa = PBXBuildFile; fileRef = BE5901E91B5B4FE6008206CC /* Constants.m */; };
		BE5901ED1B5B503E008206CC /* NetworkManager.m in Sources */ = {isa = PBXBuildFile; fileRef = BE5901EC1B5B503E008206CC /* NetworkManager.m */; };
		BE5901F01B5B54D5008206CC /* BookDetailViewController.m in Sources */ = {isa = PBXBuildFile; fileRef = BE5901EF1B5B54D5008206CC /* BookDetailViewController.m */; };
		BE8022751B5C1A0200BFEFE1 /* AddBookViewController.m in Sources */ = {isa = PBXBuildFile; fileRef = BE8022741B5C1A0200BFEFE1 /* AddBookViewController.m */; };
		BE8022781B5C1E3400BFEFE1 /* Book.m in Sources */ = {isa = PBXBuildFile; fileRef = BE8022771B5C1E3400BFEFE1 /* Book.m */; };
		BE80227B1B5C331600BFEFE1 /* SVProgressHUD.m in Sources */ = {isa = PBXBuildFile; fileRef = BE80227A1B5C331600BFEFE1 /* SVProgressHUD.m */; };
		BED019611B5C94D20000E08E /* QuartzCore.framework in Frameworks */ = {isa = PBXBuildFile; fileRef = BED019601B5C94D20000E08E /* QuartzCore.framework */; };
		BEF1D2D21B5F334600D6A05C /* NavigationBarLabel.m in Sources */ = {isa = PBXBuildFile; fileRef = BEF1D2D11B5F334600D6A05C /* NavigationBarLabel.m */; };
/* End PBXBuildFile section */

/* Begin PBXContainerItemProxy section */
		BE5901D31B5B4CA2008206CC /* PBXContainerItemProxy */ = {
			isa = PBXContainerItemProxy;
			containerPortal = BE5901B11B5B4CA2008206CC /* Project object */;
			proxyType = 1;
			remoteGlobalIDString = BE5901B81B5B4CA2008206CC;
			remoteInfo = Librarian;
		};
/* End PBXContainerItemProxy section */

/* Begin PBXFileReference section */
		BE4336871B6082580053BCCD /* UIAlertView+Blocks.h */ = {isa = PBXFileReference; fileEncoding = 4; lastKnownFileType = sourcecode.c.h; path = "UIAlertView+Blocks.h"; sourceTree = "<group>"; };
		BE4336881B6082580053BCCD /* UIAlertView+Blocks.m */ = {isa = PBXFileReference; fileEncoding = 4; lastKnownFileType = sourcecode.c.objc; path = "UIAlertView+Blocks.m"; sourceTree = "<group>"; };
		BE5901B91B5B4CA2008206CC /* Librarian.app */ = {isa = PBXFileReference; explicitFileType = wrapper.application; includeInIndex = 0; path = Librarian.app; sourceTree = BUILT_PRODUCTS_DIR; };
		BE5901BD1B5B4CA2008206CC /* Info.plist */ = {isa = PBXFileReference; lastKnownFileType = text.plist.xml; path = Info.plist; sourceTree = "<group>"; };
		BE5901BE1B5B4CA2008206CC /* main.m */ = {isa = PBXFileReference; lastKnownFileType = sourcecode.c.objc; path = main.m; sourceTree = "<group>"; };
		BE5901C01B5B4CA2008206CC /* AppDelegate.h */ = {isa = PBXFileReference; lastKnownFileType = sourcecode.c.h; path = AppDelegate.h; sourceTree = "<group>"; };
		BE5901C11B5B4CA2008206CC /* AppDelegate.m */ = {isa = PBXFileReference; lastKnownFileType = sourcecode.c.objc; path = AppDelegate.m; sourceTree = "<group>"; };
		BE5901C31B5B4CA2008206CC /* MasterViewController.h */ = {isa = PBXFileReference; lastKnownFileType = sourcecode.c.h; path = MasterViewController.h; sourceTree = "<group>"; };
		BE5901C41B5B4CA2008206CC /* MasterViewController.m */ = {isa = PBXFileReference; lastKnownFileType = sourcecode.c.objc; path = MasterViewController.m; sourceTree = "<group>"; };
		BE5901C71B5B4CA2008206CC /* Base */ = {isa = PBXFileReference; lastKnownFileType = file.storyboard; name = Base; path = Base.lproj/Main.storyboard; sourceTree = "<group>"; };
		BE5901C91B5B4CA2008206CC /* Images.xcassets */ = {isa = PBXFileReference; lastKnownFileType = folder.assetcatalog; path = Images.xcassets; sourceTree = "<group>"; };
		BE5901CC1B5B4CA2008206CC /* Base */ = {isa = PBXFileReference; lastKnownFileType = file.xib; name = Base; path = Base.lproj/LaunchScreen.xib; sourceTree = "<group>"; };
		BE5901D21B5B4CA2008206CC /* LibrarianTests.xctest */ = {isa = PBXFileReference; explicitFileType = wrapper.cfbundle; includeInIndex = 0; path = LibrarianTests.xctest; sourceTree = BUILT_PRODUCTS_DIR; };
		BE5901D71B5B4CA2008206CC /* Info.plist */ = {isa = PBXFileReference; lastKnownFileType = text.plist.xml; path = Info.plist; sourceTree = "<group>"; };
		BE5901D81B5B4CA2008206CC /* LibrarianTests.m */ = {isa = PBXFileReference; lastKnownFileType = sourcecode.c.objc; path = LibrarianTests.m; sourceTree = "<group>"; };
		BE5901E21B5B4EC9008206CC /* BookTableViewCell.h */ = {isa = PBXFileReference; fileEncoding = 4; lastKnownFileType = sourcecode.c.h; path = BookTableViewCell.h; sourceTree = "<group>"; };
		BE5901E31B5B4EC9008206CC /* BookTableViewCell.m */ = {isa = PBXFileReference; fileEncoding = 4; lastKnownFileType = sourcecode.c.objc; path = BookTableViewCell.m; sourceTree = "<group>"; };
		BE5901E81B5B4FE6008206CC /* Constants.h */ = {isa = PBXFileReference; fileEncoding = 4; lastKnownFileType = sourcecode.c.h; path = Constants.h; sourceTree = "<group>"; };
		BE5901E91B5B4FE6008206CC /* Constants.m */ = {isa = PBXFileReference; fileEncoding = 4; lastKnownFileType = sourcecode.c.objc; path = Constants.m; sourceTree = "<group>"; };
		BE5901EB1B5B503E008206CC /* NetworkManager.h */ = {isa = PBXFileReference; fileEncoding = 4; lastKnownFileType = sourcecode.c.h; path = NetworkManager.h; sourceTree = "<group>"; };
		BE5901EC1B5B503E008206CC /* NetworkManager.m */ = {isa = PBXFileReference; fileEncoding = 4; lastKnownFileType = sourcecode.c.objc; path = NetworkManager.m; sourceTree = "<group>"; };
		BE5901EE1B5B54D5008206CC /* BookDetailViewController.h */ = {isa = PBXFileReference; fileEncoding = 4; lastKnownFileType = sourcecode.c.h; path = BookDetailViewController.h; sourceTree = "<group>"; };
		BE5901EF1B5B54D5008206CC /* BookDetailViewController.m */ = {isa = PBXFileReference; fileEncoding = 4; lastKnownFileType = sourcecode.c.objc; path = BookDetailViewController.m; sourceTree = "<group>"; };
		BE8022731B5C1A0200BFEFE1 /* AddBookViewController.h */ = {isa = PBXFileReference; fileEncoding = 4; lastKnownFileType = sourcecode.c.h; path = AddBookViewController.h; sourceTree = "<group>"; };
		BE8022741B5C1A0200BFEFE1 /* AddBookViewController.m */ = {isa = PBXFileReference; fileEncoding = 4; lastKnownFileType = sourcecode.c.objc; path = AddBookViewController.m; sourceTree = "<group>"; };
		BE8022761B5C1E3400BFEFE1 /* Book.h */ = {isa = PBXFileReference; fileEncoding = 4; lastKnownFileType = sourcecode.c.h; path = Book.h; sourceTree = "<group>"; };
		BE8022771B5C1E3400BFEFE1 /* Book.m */ = {isa = PBXFileReference; fileEncoding = 4; lastKnownFileType = sourcecode.c.objc; path = Book.m; sourceTree = "<group>"; };
		BE8022791B5C331600BFEFE1 /* SVProgressHUD.h */ = {isa = PBXFileReference; fileEncoding = 4; lastKnownFileType = sourcecode.c.h; path = SVProgressHUD.h; sourceTree = "<group>"; };
		BE80227A1B5C331600BFEFE1 /* SVProgressHUD.m */ = {isa = PBXFileReference; fileEncoding = 4; lastKnownFileType = sourcecode.c.objc; path = SVProgressHUD.m; sourceTree = "<group>"; };
		BED019601B5C94D20000E08E /* QuartzCore.framework */ = {isa = PBXFileReference; lastKnownFileType = wrapper.framework; name = QuartzCore.framework; path = System/Library/Frameworks/QuartzCore.framework; sourceTree = SDKROOT; };
		BEF1D2D01B5F334600D6A05C /* NavigationBarLabel.h */ = {isa = PBXFileReference; fileEncoding = 4; lastKnownFileType = sourcecode.c.h; path = NavigationBarLabel.h; sourceTree = "<group>"; };
		BEF1D2D11B5F334600D6A05C /* NavigationBarLabel.m */ = {isa = PBXFileReference; fileEncoding = 4; lastKnownFileType = sourcecode.c.objc; path = NavigationBarLabel.m; sourceTree = "<group>"; };
/* End PBXFileReference section */

/* Begin PBXFrameworksBuildPhase section */
		BE5901B61B5B4CA2008206CC /* Frameworks */ = {
			isa = PBXFrameworksBuildPhase;
			buildActionMask = 2147483647;
			files = (
				BED019611B5C94D20000E08E /* QuartzCore.framework in Frameworks */,
			);
			runOnlyForDeploymentPostprocessing = 0;
		};
		BE5901CF1B5B4CA2008206CC /* Frameworks */ = {
			isa = PBXFrameworksBuildPhase;
			buildActionMask = 2147483647;
			files = (
			);
			runOnlyForDeploymentPostprocessing = 0;
		};
/* End PBXFrameworksBuildPhase section */

/* Begin PBXGroup section */
		BE5901B01B5B4CA2008206CC = {
			isa = PBXGroup;
			children = (
				BE5901BB1B5B4CA2008206CC /* Librarian */,
				BE5901D51B5B4CA2008206CC /* LibrarianTests */,
				BE5901BA1B5B4CA2008206CC /* Products */,
			);
			sourceTree = "<group>";
		};
		BE5901BA1B5B4CA2008206CC /* Products */ = {
			isa = PBXGroup;
			children = (
				BE5901B91B5B4CA2008206CC /* Librarian.app */,
				BE5901D21B5B4CA2008206CC /* LibrarianTests.xctest */,
			);
			name = Products;
			sourceTree = "<group>";
		};
		BE5901BB1B5B4CA2008206CC /* Librarian */ = {
			isa = PBXGroup;
			children = (
				BE5901C01B5B4CA2008206CC /* AppDelegate.h */,
				BE5901C11B5B4CA2008206CC /* AppDelegate.m */,
				BE5901C61B5B4CA2008206CC /* Main.storyboard */,
				BED019621B5C98000000E08E /* Frameworks */,
				BE5901E71B5B4FD1008206CC /* Model */,
				BE5901E51B5B4FB4008206CC /* Controller */,
				BE5901E61B5B4FC3008206CC /* View */,
				BE5901C91B5B4CA2008206CC /* Images.xcassets */,
				BE5901CB1B5B4CA2008206CC /* LaunchScreen.xib */,
				BE5901BC1B5B4CA2008206CC /* Supporting Files */,
			);
			path = Librarian;
			sourceTree = "<group>";
		};
		BE5901BC1B5B4CA2008206CC /* Supporting Files */ = {
			isa = PBXGroup;
			children = (
				BE5901BD1B5B4CA2008206CC /* Info.plist */,
				BE5901BE1B5B4CA2008206CC /* main.m */,
			);
			name = "Supporting Files";
			sourceTree = "<group>";
		};
		BE5901D51B5B4CA2008206CC /* LibrarianTests */ = {
			isa = PBXGroup;
			children = (
				BE5901D81B5B4CA2008206CC /* LibrarianTests.m */,
				BE5901D61B5B4CA2008206CC /* Supporting Files */,
			);
			path = LibrarianTests;
			sourceTree = "<group>";
		};
		BE5901D61B5B4CA2008206CC /* Supporting Files */ = {
			isa = PBXGroup;
			children = (
				BE5901D71B5B4CA2008206CC /* Info.plist */,
			);
			name = "Supporting Files";
			sourceTree = "<group>";
		};
		BE5901E51B5B4FB4008206CC /* Controller */ = {
			isa = PBXGroup;
			children = (
				BE5901C31B5B4CA2008206CC /* MasterViewController.h */,
				BE5901C41B5B4CA2008206CC /* MasterViewController.m */,
				BE5901EE1B5B54D5008206CC /* BookDetailViewController.h */,
				BE5901EF1B5B54D5008206CC /* BookDetailViewController.m */,
				BE8022731B5C1A0200BFEFE1 /* AddBookViewController.h */,
				BE8022741B5C1A0200BFEFE1 /* AddBookViewController.m */,
			);
			name = Controller;
			sourceTree = "<group>";
		};
		BE5901E61B5B4FC3008206CC /* View */ = {
			isa = PBXGroup;
			children = (
				BE5901E21B5B4EC9008206CC /* BookTableViewCell.h */,
				BE5901E31B5B4EC9008206CC /* BookTableViewCell.m */,
				BE4336871B6082580053BCCD /* UIAlertView+Blocks.h */,
				BE4336881B6082580053BCCD /* UIAlertView+Blocks.m */,
				BE8022791B5C331600BFEFE1 /* SVProgressHUD.h */,
				BE80227A1B5C331600BFEFE1 /* SVProgressHUD.m */,
				BEF1D2D01B5F334600D6A05C /* NavigationBarLabel.h */,
				BEF1D2D11B5F334600D6A05C /* NavigationBarLabel.m */,
			);
			name = View;
			sourceTree = "<group>";
		};
		BE5901E71B5B4FD1008206CC /* Model */ = {
			isa = PBXGroup;
			children = (
				BE5901E81B5B4FE6008206CC /* Constants.h */,
				BE5901E91B5B4FE6008206CC /* Constants.m */,
				BE8022761B5C1E3400BFEFE1 /* Book.h */,
				BE8022771B5C1E3400BFEFE1 /* Book.m */,
				BE5901EB1B5B503E008206CC /* NetworkManager.h */,
				BE5901EC1B5B503E008206CC /* NetworkManager.m */,
			);
			name = Model;
			sourceTree = "<group>";
		};
		BED019621B5C98000000E08E /* Frameworks */ = {
			isa = PBXGroup;
			children = (
				BED019601B5C94D20000E08E /* QuartzCore.framework */,
			);
			name = Frameworks;
			sourceTree = "<group>";
		};
/* End PBXGroup section */

/* Begin PBXNativeTarget section */
		BE5901B81B5B4CA2008206CC /* Librarian */ = {
			isa = PBXNativeTarget;
			buildConfigurationList = BE5901DC1B5B4CA2008206CC /* Build configuration list for PBXNativeTarget "Librarian" */;
			buildPhases = (
				BE5901B51B5B4CA2008206CC /* Sources */,
				BE5901B61B5B4CA2008206CC /* Frameworks */,
				BE5901B71B5B4CA2008206CC /* Resources */,
			);
			buildRules = (
			);
			dependencies = (
			);
			name = Librarian;
			productName = Librarian;
			productReference = BE5901B91B5B4CA2008206CC /* Librarian.app */;
			productType = "com.apple.product-type.application";
		};
		BE5901D11B5B4CA2008206CC /* LibrarianTests */ = {
			isa = PBXNativeTarget;
			buildConfigurationList = BE5901DF1B5B4CA2008206CC /* Build configuration list for PBXNativeTarget "LibrarianTests" */;
			buildPhases = (
				BE5901CE1B5B4CA2008206CC /* Sources */,
				BE5901CF1B5B4CA2008206CC /* Frameworks */,
				BE5901D01B5B4CA2008206CC /* Resources */,
			);
			buildRules = (
			);
			dependencies = (
				BE5901D41B5B4CA2008206CC /* PBXTargetDependency */,
			);
			name = LibrarianTests;
			productName = LibrarianTests;
			productReference = BE5901D21B5B4CA2008206CC /* LibrarianTests.xctest */;
			productType = "com.apple.product-type.bundle.unit-test";
		};
/* End PBXNativeTarget section */

/* Begin PBXProject section */
		BE5901B11B5B4CA2008206CC /* Project object */ = {
			isa = PBXProject;
			attributes = {
				LastUpgradeCheck = 0640;
				ORGANIZATIONNAME = allensu;
				TargetAttributes = {
					BE5901B81B5B4CA2008206CC = {
						CreatedOnToolsVersion = 6.4;
					};
					BE5901D11B5B4CA2008206CC = {
						CreatedOnToolsVersion = 6.4;
						TestTargetID = BE5901B81B5B4CA2008206CC;
					};
				};
			};
			buildConfigurationList = BE5901B41B5B4CA2008206CC /* Build configuration list for PBXProject "Librarian" */;
			compatibilityVersion = "Xcode 3.2";
			developmentRegion = English;
			hasScannedForEncodings = 0;
			knownRegions = (
				en,
				Base,
			);
			mainGroup = BE5901B01B5B4CA2008206CC;
			productRefGroup = BE5901BA1B5B4CA2008206CC /* Products */;
			projectDirPath = "";
			projectRoot = "";
			targets = (
				BE5901B81B5B4CA2008206CC /* Librarian */,
				BE5901D11B5B4CA2008206CC /* LibrarianTests */,
			);
		};
/* End PBXProject section */

/* Begin PBXResourcesBuildPhase section */
		BE5901B71B5B4CA2008206CC /* Resources */ = {
			isa = PBXResourcesBuildPhase;
			buildActionMask = 2147483647;
			files = (
				BE5901C81B5B4CA2008206CC /* Main.storyboard in Resources */,
				BE5901CD1B5B4CA2008206CC /* LaunchScreen.xib in Resources */,
				BE5901CA1B5B4CA2008206CC /* Images.xcassets in Resources */,
			);
			runOnlyForDeploymentPostprocessing = 0;
		};
		BE5901D01B5B4CA2008206CC /* Resources */ = {
			isa = PBXResourcesBuildPhase;
			buildActionMask = 2147483647;
			files = (
			);
			runOnlyForDeploymentPostprocessing = 0;
		};
/* End PBXResourcesBuildPhase section */

/* Begin PBXSourcesBuildPhase section */
		BE5901B51B5B4CA2008206CC /* Sources */ = {
			isa = PBXSourcesBuildPhase;
			buildActionMask = 2147483647;
			files = (
				BE4336891B6082580053BCCD /* UIAlertView+Blocks.m in Sources */,
				BE8022781B5C1E3400BFEFE1 /* Book.m in Sources */,
				BE5901EA1B5B4FE6008206CC /* Constants.m in Sources */,
				BE5901E41B5B4EC9008206CC /* BookTableViewCell.m in Sources */,
				BEF1D2D21B5F334600D6A05C /* NavigationBarLabel.m in Sources */,
				BE5901C51B5B4CA2008206CC /* MasterViewController.m in Sources */,
				BE5901C21B5B4CA2008206CC /* AppDelegate.m in Sources */,
				BE5901ED1B5B503E008206CC /* NetworkManager.m in Sources */,
				BE5901F01B5B54D5008206CC /* BookDetailViewController.m in Sources */,
				BE5901BF1B5B4CA2008206CC /* main.m in Sources */,
				BE80227B1B5C331600BFEFE1 /* SVProgressHUD.m in Sources */,
				BE8022751B5C1A0200BFEFE1 /* AddBookViewController.m in Sources */,
			);
			runOnlyForDeploymentPostprocessing = 0;
		};
		BE5901CE1B5B4CA2008206CC /* Sources */ = {
			isa = PBXSourcesBuildPhase;
			buildActionMask = 2147483647;
			files = (
				BE5901D91B5B4CA2008206CC /* LibrarianTests.m in Sources */,
			);
			runOnlyForDeploymentPostprocessing = 0;
		};
/* End PBXSourcesBuildPhase section */

/* Begin PBXTargetDependency section */
		BE5901D41B5B4CA2008206CC /* PBXTargetDependency */ = {
			isa = PBXTargetDependency;
			target = BE5901B81B5B4CA2008206CC /* Librarian */;
			targetProxy = BE5901D31B5B4CA2008206CC /* PBXContainerItemProxy */;
		};
/* End PBXTargetDependency section */

/* Begin PBXVariantGroup section */
		BE5901C61B5B4CA2008206CC /* Main.storyboard */ = {
			isa = PBXVariantGroup;
			children = (
				BE5901C71B5B4CA2008206CC /* Base */,
			);
			name = Main.storyboard;
			sourceTree = "<group>";
		};
		BE5901CB1B5B4CA2008206CC /* LaunchScreen.xib */ = {
			isa = PBXVariantGroup;
			children = (
				BE5901CC1B5B4CA2008206CC /* Base */,
			);
			name = LaunchScreen.xib;
			sourceTree = "<group>";
		};
/* End PBXVariantGroup section */

/* Begin XCBuildConfiguration section */
		BE5901DA1B5B4CA2008206CC /* Debug */ = {
			isa = XCBuildConfiguration;
			buildSettings = {
				ALWAYS_SEARCH_USER_PATHS = NO;
				CLANG_CXX_LANGUAGE_STANDARD = "gnu++0x";
				CLANG_CXX_LIBRARY = "libc++";
				CLANG_ENABLE_MODULES = YES;
				CLANG_ENABLE_OBJC_ARC = YES;
				CLANG_WARN_BOOL_CONVERSION = YES;
				CLANG_WARN_CONSTANT_CONVERSION = YES;
				CLANG_WARN_DIRECT_OBJC_ISA_USAGE = YES_ERROR;
				CLANG_WARN_EMPTY_BODY = YES;
				CLANG_WARN_ENUM_CONVERSION = YES;
				CLANG_WARN_INT_CONVERSION = YES;
				CLANG_WARN_OBJC_ROOT_CLASS = YES_ERROR;
				CLANG_WARN_UNREACHABLE_CODE = YES;
				CLANG_WARN__DUPLICATE_METHOD_MATCH = YES;
				"CODE_SIGN_IDENTITY[sdk=iphoneos*]" = "iPhone Developer";
				COPY_PHASE_STRIP = NO;
				DEBUG_INFORMATION_FORMAT = "dwarf-with-dsym";
				ENABLE_STRICT_OBJC_MSGSEND = YES;
				GCC_C_LANGUAGE_STANDARD = gnu99;
				GCC_DYNAMIC_NO_PIC = NO;
				GCC_NO_COMMON_BLOCKS = YES;
				GCC_OPTIMIZATION_LEVEL = 0;
				GCC_PREPROCESSOR_DEFINITIONS = (
					"DEBUG=1",
					"$(inherited)",
				);
				GCC_SYMBOLS_PRIVATE_EXTERN = NO;
				GCC_WARN_64_TO_32_BIT_CONVERSION = YES;
				GCC_WARN_ABOUT_RETURN_TYPE = YES_ERROR;
				GCC_WARN_UNDECLARED_SELECTOR = YES;
				GCC_WARN_UNINITIALIZED_AUTOS = YES_AGGRESSIVE;
				GCC_WARN_UNUSED_FUNCTION = YES;
				GCC_WARN_UNUSED_VARIABLE = YES;
				IPHONEOS_DEPLOYMENT_TARGET = 8.4;
				MTL_ENABLE_DEBUG_INFO = YES;
				ONLY_ACTIVE_ARCH = YES;
				SDKROOT = iphoneos;
			};
			name = Debug;
		};
		BE5901DB1B5B4CA2008206CC /* Release */ = {
			isa = XCBuildConfiguration;
			buildSettings = {
				ALWAYS_SEARCH_USER_PATHS = NO;
				CLANG_CXX_LANGUAGE_STANDARD = "gnu++0x";
				CLANG_CXX_LIBRARY = "libc++";
				CLANG_ENABLE_MODULES = YES;
				CLANG_ENABLE_OBJC_ARC = YES;
				CLANG_WARN_BOOL_CONVERSION = YES;
				CLANG_WARN_CONSTANT_CONVERSION = YES;
				CLANG_WARN_DIRECT_OBJC_ISA_USAGE = YES_ERROR;
				CLANG_WARN_EMPTY_BODY = YES;
				CLANG_WARN_ENUM_CONVERSION = YES;
				CLANG_WARN_INT_CONVERSION = YES;
				CLANG_WARN_OBJC_ROOT_CLASS = YES_ERROR;
				CLANG_WARN_UNREACHABLE_CODE = YES;
				CLANG_WARN__DUPLICATE_METHOD_MATCH = YES;
				"CODE_SIGN_IDENTITY[sdk=iphoneos*]" = "iPhone Developer";
				COPY_PHASE_STRIP = NO;
				DEBUG_INFORMATION_FORMAT = "dwarf-with-dsym";
				ENABLE_NS_ASSERTIONS = NO;
				ENABLE_STRICT_OBJC_MSGSEND = YES;
				GCC_C_LANGUAGE_STANDARD = gnu99;
				GCC_NO_COMMON_BLOCKS = YES;
				GCC_WARN_64_TO_32_BIT_CONVERSION = YES;
				GCC_WARN_ABOUT_RETURN_TYPE = YES_ERROR;
				GCC_WARN_UNDECLARED_SELECTOR = YES;
				GCC_WARN_UNINITIALIZED_AUTOS = YES_AGGRESSIVE;
				GCC_WARN_UNUSED_FUNCTION = YES;
				GCC_WARN_UNUSED_VARIABLE = YES;
				IPHONEOS_DEPLOYMENT_TARGET = 8.4;
				MTL_ENABLE_DEBUG_INFO = NO;
				SDKROOT = iphoneos;
				VALIDATE_PRODUCT = YES;
			};
			name = Release;
		};
		BE5901DD1B5B4CA2008206CC /* Debug */ = {
			isa = XCBuildConfiguration;
			buildSettings = {
				ASSETCATALOG_COMPILER_APPICON_NAME = AppIcon;
				INFOPLIST_FILE = Librarian/Info.plist;
				IPHONEOS_DEPLOYMENT_TARGET = 8.4;
				LD_RUNPATH_SEARCH_PATHS = "$(inherited) @executable_path/Frameworks";
				PRODUCT_NAME = "$(TARGET_NAME)";
			};
			name = Debug;
		};
		BE5901DE1B5B4CA2008206CC /* Release */ = {
			isa = XCBuildConfiguration;
			buildSettings = {
				ASSETCATALOG_COMPILER_APPICON_NAME = AppIcon;
				INFOPLIST_FILE = Librarian/Info.plist;
				IPHONEOS_DEPLOYMENT_TARGET = 8.4;
				LD_RUNPATH_SEARCH_PATHS = "$(inherited) @executable_path/Frameworks";
				PRODUCT_NAME = "$(TARGET_NAME)";
			};
			name = Release;
		};
		BE5901E01B5B4CA2008206CC /* Debug */ = {
			isa = XCBuildConfiguration;
			buildSettings = {
				BUNDLE_LOADER = "$(TEST_HOST)";
				FRAMEWORK_SEARCH_PATHS = (
					"$(SDKROOT)/Developer/Library/Frameworks",
					"$(inherited)",
				);
				GCC_PREPROCESSOR_DEFINITIONS = (
					"DEBUG=1",
					"$(inherited)",
				);
				INFOPLIST_FILE = LibrarianTests/Info.plist;
				LD_RUNPATH_SEARCH_PATHS = "$(inherited) @executable_path/Frameworks @loader_path/Frameworks";
				PRODUCT_NAME = "$(TARGET_NAME)";
				TEST_HOST = "$(BUILT_PRODUCTS_DIR)/Librarian.app/Librarian";
			};
			name = Debug;
		};
		BE5901E11B5B4CA2008206CC /* Release */ = {
			isa = XCBuildConfiguration;
			buildSettings = {
				BUNDLE_LOADER = "$(TEST_HOST)";
				FRAMEWORK_SEARCH_PATHS = (
					"$(SDKROOT)/Developer/Library/Frameworks",
					"$(inherited)",
				);
				INFOPLIST_FILE = LibrarianTests/Info.plist;
				LD_RUNPATH_SEARCH_PATHS = "$(inherited) @executable_path/Frameworks @loader_path/Frameworks";
				PRODUCT_NAME = "$(TARGET_NAME)";
				TEST_HOST = "$(BUILT_PRODUCTS_DIR)/Librarian.app/Librarian";
			};
			name = Release;
		};
/* End XCBuildConfiguration section */

/* Begin XCConfigurationList section */
		BE5901B41B5B4CA2008206CC /* Build configuration list for PBXProject "Librarian" */ = {
			isa = XCConfigurationList;
			buildConfigurations = (
				BE5901DA1B5B4CA2008206CC /* Debug */,
				BE5901DB1B5B4CA2008206CC /* Release */,
			);
			defaultConfigurationIsVisible = 0;
			defaultConfigurationName = Release;
		};
		BE5901DC1B5B4CA2008206CC /* Build configuration list for PBXNativeTarget "Librarian" */ = {
			isa = XCConfigurationList;
			buildConfigurations = (
				BE5901DD1B5B4CA2008206CC /* Debug */,
				BE5901DE1B5B4CA2008206CC /* Release */,
			);
			defaultConfigurationIsVisible = 0;
			defaultConfigurationName = Release;
		};
		BE5901DF1B5B4CA2008206CC /* Build configuration list for PBXNativeTarget "LibrarianTests" */ = {
			isa = XCConfigurationList;
			buildConfigurations = (
				BE5901E01B5B4CA2008206CC /* Debug */,
				BE5901E11B5B4CA2008206CC /* Release */,
			);
			defaultConfigurationIsVisible = 0;
			defaultConfigurationName = Release;
		};
/* End XCConfigurationList section */
	};
	rootObject = BE5901B11B5B4CA2008206CC /* Project object */;
}
